
Microsoft Visual Studio Solution File, Format Version 12.00
# Visual Studio Version 17
VisualStudioVersion = 17.13.35825.156 d17.13
MinimumVisualStudioVersion = 10.0.40219.1
Project("{E24C65DC-7377-472B-9ABA-BC803B73C61A}") = "WingtipToys", "WingtipToys\", "{2942BA94-5938-CCED-C101-49EF11703A23}"
	ProjectSection(WebsiteProperties) = preProject
		TargetFrameworkMoniker = ".NETFramework,Version%3Dv4.7.2"
		Debug.AspNetCompiler.VirtualPath = "/localhost_56614"
		Debug.AspNetCompiler.PhysicalPath = "WingtipToys\"
		Debug.AspNetCompiler.TargetPath = "PrecompiledWeb\localhost_56614\"
		Debug.AspNetCompiler.Updateable = "true"
		Debug.AspNetCompiler.ForceOverwrite = "true"
		Debug.AspNetCompiler.FixedNames = "false"
		Debug.AspNetCompiler.Debug = "True"
		Release.AspNetCompiler.VirtualPath = "/localhost_56614"
		Release.AspNetCompiler.PhysicalPath = "WingtipToys\"
		Release.AspNetCompiler.TargetPath = "PrecompiledWeb\localhost_56614\"
		Release.AspNetCompiler.Updateable = "true"
		Release.AspNetCompiler.ForceOverwrite = "true"
		Release.AspNetCompiler.FixedNames = "false"
		Release.AspNetCompiler.Debug = "False"
		VWDPort = "56614"
		SlnRelativePath = "WingtipToys\"
		DefaultWebSiteLanguage = "Visual C#"
	EndProjectSection
EndProject
Global
	GlobalSection(SolutionConfigurationPlatforms) = preSolution
		Debug|Any CPU = Debug|Any CPU
	EndGlobalSection
	GlobalSection(ProjectConfigurationPlatforms) = postSolution
		{2942BA94-5938-CCED-C101-49EF11703A23}.Debug|Any CPU.ActiveCfg = Debug|Any CPU
		{2942BA94-5938-CCED-C101-49EF11703A23}.Debug|Any CPU.Build.0 = Debug|Any CPU
	EndGlobalSection
	GlobalSection(SolutionProperties) = preSolution
		HideSolutionNode = FALSE
	EndGlobalSection
	GlobalSection(ExtensibilityGlobals) = postSolution
		SolutionGuid = {46E327E1-D3B3-4E6E-9CC6-1390B507FCD8}
	EndGlobalSection
EndGlobal
